// !$*UTF8*$!
{
	archiveVersion = 1;
	classes = {
	};
	objectVersion = 55;
	objects = {

/* Begin PBXBuildFile section */
		140A9CEC28904796004EBE74 /* AppDelegate.swift in Sources */ = {isa = PBXBuildFile; fileRef = 140A9CEB28904796004EBE74 /* AppDelegate.swift */; };
		140A9CEE28904796004EBE74 /* SceneDelegate.swift in Sources */ = {isa = PBXBuildFile; fileRef = 140A9CED28904796004EBE74 /* SceneDelegate.swift */; };
		140A9CF028904796004EBE74 /* HistoryHeroVC.swift in Sources */ = {isa = PBXBuildFile; fileRef = 140A9CEF28904796004EBE74 /* HistoryHeroVC.swift */; };
		140A9CF528904798004EBE74 /* Assets.xcassets in Resources */ = {isa = PBXBuildFile; fileRef = 140A9CF428904798004EBE74 /* Assets.xcassets */; };
		140A9D0C28916533004EBE74 /* HistoryHeroVC.xib in Resources */ = {isa = PBXBuildFile; fileRef = 140A9D0B28916532004EBE74 /* HistoryHeroVC.xib */; };
		140A9D1128917459004EBE74 /* BuildHeroVC.swift in Sources */ = {isa = PBXBuildFile; fileRef = 140A9D0F28917459004EBE74 /* BuildHeroVC.swift */; };
		140A9D1228917459004EBE74 /* BuildHeroVC.xib in Resources */ = {isa = PBXBuildFile; fileRef = 140A9D1028917459004EBE74 /* BuildHeroVC.xib */; };
		C35C39AE2892EB550061CB7B /* LaunchScreen.storyboard in Resources */ = {isa = PBXBuildFile; fileRef = C35C39AC2892EB550061CB7B /* LaunchScreen.storyboard */; };
		C35C39AF2892EB550061CB7B /* Main.storyboard in Resources */ = {isa = PBXBuildFile; fileRef = C35C39AD2892EB550061CB7B /* Main.storyboard */; };
		C35C39B42892EBBD0061CB7B /* Heros.swift in Sources */ = {isa = PBXBuildFile; fileRef = C35C39B22892EBBD0061CB7B /* Heros.swift */; };
		C35C39BD2892EBE40061CB7B /* ViewController.swift in Sources */ = {isa = PBXBuildFile; fileRef = C35C39B62892EBE40061CB7B /* ViewController.swift */; };
		C35C39BE2892EBE40061CB7B /* StartTableCell.xib in Resources */ = {isa = PBXBuildFile; fileRef = C35C39B82892EBE40061CB7B /* StartTableCell.xib */; };
		C35C39BF2892EBE40061CB7B /* StartTableCell.swift in Sources */ = {isa = PBXBuildFile; fileRef = C35C39B92892EBE40061CB7B /* StartTableCell.swift */; };
		C35C39C02892EBE40061CB7B /* SecondVC.swift in Sources */ = {isa = PBXBuildFile; fileRef = C35C39BB2892EBE40061CB7B /* SecondVC.swift */; };
		C35C39C12892EBE40061CB7B /* SecondVC.xib in Resources */ = {isa = PBXBuildFile; fileRef = C35C39BC2892EBE40061CB7B /* SecondVC.xib */; };
/* End PBXBuildFile section */

/* Begin PBXFileReference section */
		140A9CE828904796004EBE74 /* LessonHW_8.app */ = {isa = PBXFileReference; explicitFileType = wrapper.application; includeInIndex = 0; path = LessonHW_8.app; sourceTree = BUILT_PRODUCTS_DIR; };
		140A9CEB28904796004EBE74 /* AppDelegate.swift */ = {isa = PBXFileReference; lastKnownFileType = sourcecode.swift; path = AppDelegate.swift; sourceTree = "<group>"; };
		140A9CED28904796004EBE74 /* SceneDelegate.swift */ = {isa = PBXFileReference; lastKnownFileType = sourcecode.swift; path = SceneDelegate.swift; sourceTree = "<group>"; };
		140A9CEF28904796004EBE74 /* HistoryHeroVC.swift */ = {isa = PBXFileReference; lastKnownFileType = sourcecode.swift; path = HistoryHeroVC.swift; sourceTree = "<group>"; };
		140A9CF428904798004EBE74 /* Assets.xcassets */ = {isa = PBXFileReference; lastKnownFileType = folder.assetcatalog; path = Assets.xcassets; sourceTree = "<group>"; };
		140A9CF928904798004EBE74 /* Info.plist */ = {isa = PBXFileReference; lastKnownFileType = text.plist.xml; path = Info.plist; sourceTree = "<group>"; };
		140A9D0B28916532004EBE74 /* HistoryHeroVC.xib */ = {isa = PBXFileReference; lastKnownFileType = file.xib; path = HistoryHeroVC.xib; sourceTree = "<group>"; };
		140A9D0F28917459004EBE74 /* BuildHeroVC.swift */ = {isa = PBXFileReference; lastKnownFileType = sourcecode.swift; path = BuildHeroVC.swift; sourceTree = "<group>"; };
		140A9D1028917459004EBE74 /* BuildHeroVC.xib */ = {isa = PBXFileReference; lastKnownFileType = file.xib; path = BuildHeroVC.xib; sourceTree = "<group>"; };
		C35C39AC2892EB550061CB7B /* LaunchScreen.storyboard */ = {isa = PBXFileReference; fileEncoding = 4; lastKnownFileType = file.storyboard; path = LaunchScreen.storyboard; sourceTree = "<group>"; };
		C35C39AD2892EB550061CB7B /* Main.storyboard */ = {isa = PBXFileReference; fileEncoding = 4; lastKnownFileType = file.storyboard; path = Main.storyboard; sourceTree = "<group>"; };
		C35C39B22892EBBD0061CB7B /* Heros.swift */ = {isa = PBXFileReference; fileEncoding = 4; lastKnownFileType = sourcecode.swift; path = Heros.swift; sourceTree = "<group>"; };
		C35C39B62892EBE40061CB7B /* ViewController.swift */ = {isa = PBXFileReference; fileEncoding = 4; lastKnownFileType = sourcecode.swift; path = ViewController.swift; sourceTree = "<group>"; };
		C35C39B82892EBE40061CB7B /* StartTableCell.xib */ = {isa = PBXFileReference; fileEncoding = 4; lastKnownFileType = file.xib; path = StartTableCell.xib; sourceTree = "<group>"; };
		C35C39B92892EBE40061CB7B /* StartTableCell.swift */ = {isa = PBXFileReference; fileEncoding = 4; lastKnownFileType = sourcecode.swift; path = StartTableCell.swift; sourceTree = "<group>"; };
		C35C39BB2892EBE40061CB7B /* SecondVC.swift */ = {isa = PBXFileReference; fileEncoding = 4; lastKnownFileType = sourcecode.swift; path = SecondVC.swift; sourceTree = "<group>"; };
		C35C39BC2892EBE40061CB7B /* SecondVC.xib */ = {isa = PBXFileReference; fileEncoding = 4; lastKnownFileType = file.xib; path = SecondVC.xib; sourceTree = "<group>"; };
/* End PBXFileReference section */

/* Begin PBXFrameworksBuildPhase section */
		140A9CE528904796004EBE74 /* Frameworks */ = {
			isa = PBXFrameworksBuildPhase;
			buildActionMask = 2147483647;
			files = (
			);
			runOnlyForDeploymentPostprocessing = 0;
		};
/* End PBXFrameworksBuildPhase section */

/* Begin PBXGroup section */
		140A9CDF28904796004EBE74 = {
			isa = PBXGroup;
			children = (
				140A9CEA28904796004EBE74 /* LessonHW_8 */,
				140A9CE928904796004EBE74 /* Products */,
			);
			sourceTree = "<group>";
		};
		140A9CE928904796004EBE74 /* Products */ = {
			isa = PBXGroup;
			children = (
				140A9CE828904796004EBE74 /* LessonHW_8.app */,
			);
			name = Products;
			sourceTree = "<group>";
		};
		140A9CEA28904796004EBE74 /* LessonHW_8 */ = {
			isa = PBXGroup;
			children = (
				C35C39B02892EBBD0061CB7B /* Models */,
				C35C39AB2892EB550061CB7B /* Storyboard */,
				140A9D0228913CAD004EBE74 /* Source */,
				140A9D0128913C81004EBE74 /* ViewControllers */,
				140A9D0028913B56004EBE74 /* SupportFiles */,
			);
			path = LessonHW_8;
			sourceTree = "<group>";
		};
		140A9D0028913B56004EBE74 /* SupportFiles */ = {
			isa = PBXGroup;
			children = (
				140A9CF928904798004EBE74 /* Info.plist */,
				140A9CED28904796004EBE74 /* SceneDelegate.swift */,
				140A9CEB28904796004EBE74 /* AppDelegate.swift */,
			);
			path = SupportFiles;
			sourceTree = "<group>";
		};
		140A9D0128913C81004EBE74 /* ViewControllers */ = {
			isa = PBXGroup;
			children = (
				C35C39BA2892EBE40061CB7B /* SecondVC */,
				C35C39B72892EBE40061CB7B /* StartTableCell */,
				C35C39B52892EBE40061CB7B /* StartTableView */,
				140A9D0E2891741B004EBE74 /* BuildHero */,
				140A9D0D289173F1004EBE74 /* HistoryHero */,
			);
			path = ViewControllers;
			sourceTree = "<group>";
		};
		140A9D0228913CAD004EBE74 /* Source */ = {
			isa = PBXGroup;
			children = (
				140A9CF428904798004EBE74 /* Assets.xcassets */,
			);
			path = Source;
			sourceTree = "<group>";
		};
		140A9D0D289173F1004EBE74 /* HistoryHero */ = {
			isa = PBXGroup;
			children = (
				140A9D0B28916532004EBE74 /* HistoryHeroVC.xib */,
				140A9CEF28904796004EBE74 /* HistoryHeroVC.swift */,
			);
			path = HistoryHero;
			sourceTree = "<group>";
		};
		140A9D0E2891741B004EBE74 /* BuildHero */ = {
			isa = PBXGroup;
			children = (
				140A9D0F28917459004EBE74 /* BuildHeroVC.swift */,
				140A9D1028917459004EBE74 /* BuildHeroVC.xib */,
			);
			path = BuildHero;
			sourceTree = "<group>";
		};
		C35C39AB2892EB550061CB7B /* Storyboard */ = {
			isa = PBXGroup;
			children = (
				C35C39AC2892EB550061CB7B /* LaunchScreen.storyboard */,
				C35C39AD2892EB550061CB7B /* Main.storyboard */,
			);
			path = Storyboard;
			sourceTree = "<group>";
		};
		C35C39B02892EBBD0061CB7B /* Models */ = {
			isa = PBXGroup;
			children = (
				C35C39B22892EBBD0061CB7B /* Heros.swift */,
			);
			path = Models;
			sourceTree = "<group>";
		};
		C35C39B52892EBE40061CB7B /* StartTableView */ = {
			isa = PBXGroup;
			children = (
				C35C39B62892EBE40061CB7B /* ViewController.swift */,
			);
			path = StartTableView;
			sourceTree = "<group>";
		};
		C35C39B72892EBE40061CB7B /* StartTableCell */ = {
			isa = PBXGroup;
			children = (
				C35C39B82892EBE40061CB7B /* StartTableCell.xib */,
				C35C39B92892EBE40061CB7B /* StartTableCell.swift */,
			);
			path = StartTableCell;
			sourceTree = "<group>";
		};
		C35C39BA2892EBE40061CB7B /* SecondVC */ = {
			isa = PBXGroup;
			children = (
				C35C39BB2892EBE40061CB7B /* SecondVC.swift */,
				C35C39BC2892EBE40061CB7B /* SecondVC.xib */,
			);
			path = SecondVC;
			sourceTree = "<group>";
		};
/* End PBXGroup section */

/* Begin PBXNativeTarget section */
		140A9CE728904796004EBE74 /* LessonHW_8 */ = {
			isa = PBXNativeTarget;
			buildConfigurationList = 140A9CFC28904798004EBE74 /* Build configuration list for PBXNativeTarget "LessonHW_8" */;
			buildPhases = (
				140A9CE428904796004EBE74 /* Sources */,
				140A9CE528904796004EBE74 /* Frameworks */,
				140A9CE628904796004EBE74 /* Resources */,
			);
			buildRules = (
			);
			dependencies = (
			);
			name = LessonHW_8;
			productName = LessonHW_8;
			productReference = 140A9CE828904796004EBE74 /* LessonHW_8.app */;
			productType = "com.apple.product-type.application";
		};
/* End PBXNativeTarget section */

/* Begin PBXProject section */
		140A9CE028904796004EBE74 /* Project object */ = {
			isa = PBXProject;
			attributes = {
				BuildIndependentTargetsInParallel = 1;
				LastSwiftUpdateCheck = 1320;
				LastUpgradeCheck = 1320;
				TargetAttributes = {
					140A9CE728904796004EBE74 = {
						CreatedOnToolsVersion = 13.2.1;
					};
				};
			};
			buildConfigurationList = 140A9CE328904796004EBE74 /* Build configuration list for PBXProject "LessonHW_8" */;
			compatibilityVersion = "Xcode 13.0";
			developmentRegion = en;
			hasScannedForEncodings = 0;
			knownRegions = (
				en,
				Base,
			);
			mainGroup = 140A9CDF28904796004EBE74;
			productRefGroup = 140A9CE928904796004EBE74 /* Products */;
			projectDirPath = "";
			projectRoot = "";
			targets = (
				140A9CE728904796004EBE74 /* LessonHW_8 */,
			);
		};
/* End PBXProject section */

/* Begin PBXResourcesBuildPhase section */
		140A9CE628904796004EBE74 /* Resources */ = {
			isa = PBXResourcesBuildPhase;
			buildActionMask = 2147483647;
			files = (
				C35C39C12892EBE40061CB7B /* SecondVC.xib in Resources */,
				C35C39AE2892EB550061CB7B /* LaunchScreen.storyboard in Resources */,
				140A9CF528904798004EBE74 /* Assets.xcassets in Resources */,
				C35C39AF2892EB550061CB7B /* Main.storyboard in Resources */,
				C35C39BE2892EBE40061CB7B /* StartTableCell.xib in Resources */,
				140A9D1228917459004EBE74 /* BuildHeroVC.xib in Resources */,
				140A9D0C28916533004EBE74 /* HistoryHeroVC.xib in Resources */,
			);
			runOnlyForDeploymentPostprocessing = 0;
		};
/* End PBXResourcesBuildPhase section */

/* Begin PBXSourcesBuildPhase section */
		140A9CE428904796004EBE74 /* Sources */ = {
			isa = PBXSourcesBuildPhase;
			buildActionMask = 2147483647;
			files = (
				140A9CF028904796004EBE74 /* HistoryHeroVC.swift in Sources */,
				140A9CEC28904796004EBE74 /* AppDelegate.swift in Sources */,
				C35C39B42892EBBD0061CB7B /* Heros.swift in Sources */,
				C35C39C02892EBE40061CB7B /* SecondVC.swift in Sources */,
				C35C39BD2892EBE40061CB7B /* ViewController.swift in Sources */,
				C35C39BF2892EBE40061CB7B /* StartTableCell.swift in Sources */,
				140A9D1128917459004EBE74 /* BuildHeroVC.swift in Sources */,
				140A9CEE28904796004EBE74 /* SceneDelegate.swift in Sources */,
			);
			runOnlyForDeploymentPostprocessing = 0;
		};
/* End PBXSourcesBuildPhase section */

/* Begin XCBuildConfiguration section */
		140A9CFA28904798004EBE74 /* Debug */ = {
			isa = XCBuildConfiguration;
			buildSettings = {
				ALWAYS_SEARCH_USER_PATHS = NO;
				CLANG_ANALYZER_NONNULL = YES;
				CLANG_ANALYZER_NUMBER_OBJECT_CONVERSION = YES_AGGRESSIVE;
				CLANG_CXX_LANGUAGE_STANDARD = "gnu++17";
				CLANG_CXX_LIBRARY = "libc++";
				CLANG_ENABLE_MODULES = YES;
				CLANG_ENABLE_OBJC_ARC = YES;
				CLANG_ENABLE_OBJC_WEAK = YES;
				CLANG_WARN_BLOCK_CAPTURE_AUTORELEASING = YES;
				CLANG_WARN_BOOL_CONVERSION = YES;
				CLANG_WARN_COMMA = YES;
				CLANG_WARN_CONSTANT_CONVERSION = YES;
				CLANG_WARN_DEPRECATED_OBJC_IMPLEMENTATIONS = YES;
				CLANG_WARN_DIRECT_OBJC_ISA_USAGE = YES_ERROR;
				CLANG_WARN_DOCUMENTATION_COMMENTS = YES;
				CLANG_WARN_EMPTY_BODY = YES;
				CLANG_WARN_ENUM_CONVERSION = YES;
				CLANG_WARN_INFINITE_RECURSION = YES;
				CLANG_WARN_INT_CONVERSION = YES;
				CLANG_WARN_NON_LITERAL_NULL_CONVERSION = YES;
				CLANG_WARN_OBJC_IMPLICIT_RETAIN_SELF = YES;
				CLANG_WARN_OBJC_LITERAL_CONVERSION = YES;
				CLANG_WARN_OBJC_ROOT_CLASS = YES_ERROR;
				CLANG_WARN_QUOTED_INCLUDE_IN_FRAMEWORK_HEADER = YES;
				CLANG_WARN_RANGE_LOOP_ANALYSIS = YES;
				CLANG_WARN_STRICT_PROTOTYPES = YES;
				CLANG_WARN_SUSPICIOUS_MOVE = YES;
				CLANG_WARN_UNGUARDED_AVAILABILITY = YES_AGGRESSIVE;
				CLANG_WARN_UNREACHABLE_CODE = YES;
				CLANG_WARN__DUPLICATE_METHOD_MATCH = YES;
				COPY_PHASE_STRIP = NO;
				DEBUG_INFORMATION_FORMAT = dwarf;
				ENABLE_STRICT_OBJC_MSGSEND = YES;
				ENABLE_TESTABILITY = YES;
				GCC_C_LANGUAGE_STANDARD = gnu11;
				GCC_DYNAMIC_NO_PIC = NO;
				GCC_NO_COMMON_BLOCKS = YES;
				GCC_OPTIMIZATION_LEVEL = 0;
				GCC_PREPROCESSOR_DEFINITIONS = (
					"DEBUG=1",
					"$(inherited)",
				);
				GCC_WARN_64_TO_32_BIT_CONVERSION = YES;
				GCC_WARN_ABOUT_RETURN_TYPE = YES_ERROR;
				GCC_WARN_UNDECLARED_SELECTOR = YES;
				GCC_WARN_UNINITIALIZED_AUTOS = YES_AGGRESSIVE;
				GCC_WARN_UNUSED_FUNCTION = YES;
				GCC_WARN_UNUSED_VARIABLE = YES;
				IPHONEOS_DEPLOYMENT_TARGET = 15.2;
				MTL_ENABLE_DEBUG_INFO = INCLUDE_SOURCE;
				MTL_FAST_MATH = YES;
				ONLY_ACTIVE_ARCH = YES;
				SDKROOT = iphoneos;
				SWIFT_ACTIVE_COMPILATION_CONDITIONS = DEBUG;
				SWIFT_OPTIMIZATION_LEVEL = "-Onone";
			};
			name = Debug;
		};
		140A9CFB28904798004EBE74 /* Release */ = {
			isa = XCBuildConfiguration;
			buildSettings = {
				ALWAYS_SEARCH_USER_PATHS = NO;
				CLANG_ANALYZER_NONNULL = YES;
				CLANG_ANALYZER_NUMBER_OBJECT_CONVERSION = YES_AGGRESSIVE;
				CLANG_CXX_LANGUAGE_STANDARD = "gnu++17";
				CLANG_CXX_LIBRARY = "libc++";
				CLANG_ENABLE_MODULES = YES;
				CLANG_ENABLE_OBJC_ARC = YES;
				CLANG_ENABLE_OBJC_WEAK = YES;
				CLANG_WARN_BLOCK_CAPTURE_AUTORELEASING = YES;
				CLANG_WARN_BOOL_CONVERSION = YES;
				CLANG_WARN_COMMA = YES;
				CLANG_WARN_CONSTANT_CONVERSION = YES;
				CLANG_WARN_DEPRECATED_OBJC_IMPLEMENTATIONS = YES;
				CLANG_WARN_DIRECT_OBJC_ISA_USAGE = YES_ERROR;
				CLANG_WARN_DOCUMENTATION_COMMENTS = YES;
				CLANG_WARN_EMPTY_BODY = YES;
				CLANG_WARN_ENUM_CONVERSION = YES;
				CLANG_WARN_INFINITE_RECURSION = YES;
				CLANG_WARN_INT_CONVERSION = YES;
				CLANG_WARN_NON_LITERAL_NULL_CONVERSION = YES;
				CLANG_WARN_OBJC_IMPLICIT_RETAIN_SELF = YES;
				CLANG_WARN_OBJC_LITERAL_CONVERSION = YES;
				CLANG_WARN_OBJC_ROOT_CLASS = YES_ERROR;
				CLANG_WARN_QUOTED_INCLUDE_IN_FRAMEWORK_HEADER = YES;
				CLANG_WARN_RANGE_LOOP_ANALYSIS = YES;
				CLANG_WARN_STRICT_PROTOTYPES = YES;
				CLANG_WARN_SUSPICIOUS_MOVE = YES;
				CLANG_WARN_UNGUARDED_AVAILABILITY = YES_AGGRESSIVE;
				CLANG_WARN_UNREACHABLE_CODE = YES;
				CLANG_WARN__DUPLICATE_METHOD_MATCH = YES;
				COPY_PHASE_STRIP = NO;
				DEBUG_INFORMATION_FORMAT = "dwarf-with-dsym";
				ENABLE_NS_ASSERTIONS = NO;
				ENABLE_STRICT_OBJC_MSGSEND = YES;
				GCC_C_LANGUAGE_STANDARD = gnu11;
				GCC_NO_COMMON_BLOCKS = YES;
				GCC_WARN_64_TO_32_BIT_CONVERSION = YES;
				GCC_WARN_ABOUT_RETURN_TYPE = YES_ERROR;
				GCC_WARN_UNDECLARED_SELECTOR = YES;
				GCC_WARN_UNINITIALIZED_AUTOS = YES_AGGRESSIVE;
				GCC_WARN_UNUSED_FUNCTION = YES;
				GCC_WARN_UNUSED_VARIABLE = YES;
				IPHONEOS_DEPLOYMENT_TARGET = 15.2;
				MTL_ENABLE_DEBUG_INFO = NO;
				MTL_FAST_MATH = YES;
				SDKROOT = iphoneos;
				SWIFT_COMPILATION_MODE = wholemodule;
				SWIFT_OPTIMIZATION_LEVEL = "-O";
				VALIDATE_PRODUCT = YES;
			};
			name = Release;
		};
		140A9CFD28904798004EBE74 /* Debug */ = {
			isa = XCBuildConfiguration;
			buildSettings = {
				ASSETCATALOG_COMPILER_APPICON_NAME = AppIcon;
				ASSETCATALOG_COMPILER_GLOBAL_ACCENT_COLOR_NAME = AccentColor;
				CODE_SIGN_STYLE = Automatic;
				CURRENT_PROJECT_VERSION = 1;
				DEVELOPMENT_TEAM = 4U5S5LAP79;
				GENERATE_INFOPLIST_FILE = YES;
				INFOPLIST_FILE = LessonHW_8/SupportFiles/Info.plist;
				INFOPLIST_KEY_UIApplicationSupportsIndirectInputEvents = YES;
				INFOPLIST_KEY_UILaunchStoryboardName = LaunchScreen;
				INFOPLIST_KEY_UIMainStoryboardFile = Main;
				INFOPLIST_KEY_UISupportedInterfaceOrientations_iPad = "UIInterfaceOrientationPortrait UIInterfaceOrientationPortraitUpsideDown UIInterfaceOrientationLandscapeLeft UIInterfaceOrientationLandscapeRight";
				INFOPLIST_KEY_UISupportedInterfaceOrientations_iPhone = "UIInterfaceOrientationPortrait UIInterfaceOrientationLandscapeLeft UIInterfaceOrientationLandscapeRight";
				LD_RUNPATH_SEARCH_PATHS = (
					"$(inherited)",
					"@executable_path/Frameworks",
				);
				MARKETING_VERSION = 1.0;
				PRODUCT_BUNDLE_IDENTIFIER = "lesson1.LessonHW-8";
				PRODUCT_NAME = "$(TARGET_NAME)";
				SWIFT_EMIT_LOC_STRINGS = YES;
				SWIFT_VERSION = 5.0;
				TARGETED_DEVICE_FAMILY = "1,2";
			};
			name = Debug;
		};
		140A9CFE28904798004EBE74 /* Release */ = {
			isa = XCBuildConfiguration;
			buildSettings = {
				ASSETCATALOG_COMPILER_APPICON_NAME = AppIcon;
				ASSETCATALOG_COMPILER_GLOBAL_ACCENT_COLOR_NAME = AccentColor;
				CODE_SIGN_STYLE = Automatic;
				CURRENT_PROJECT_VERSION = 1;
				DEVELOPMENT_TEAM = 4U5S5LAP79;
				GENERATE_INFOPLIST_FILE = YES;
				INFOPLIST_FILE = LessonHW_8/SupportFiles/Info.plist;
				INFOPLIST_KEY_UIApplicationSupportsIndirectInputEvents = YES;
				INFOPLIST_KEY_UILaunchStoryboardName = LaunchScreen;
				INFOPLIST_KEY_UIMainStoryboardFile = Main;
				INFOPLIST_KEY_UISupportedInterfaceOrientations_iPad = "UIInterfaceOrientationPortrait UIInterfaceOrientationPortraitUpsideDown UIInterfaceOrientationLandscapeLeft UIInterfaceOrientationLandscapeRight";
				INFOPLIST_KEY_UISupportedInterfaceOrientations_iPhone = "UIInterfaceOrientationPortrait UIInterfaceOrientationLandscapeLeft UIInterfaceOrientationLandscapeRight";
				LD_RUNPATH_SEARCH_PATHS = (
					"$(inherited)",
					"@executable_path/Frameworks",
				);
				MARKETING_VERSION = 1.0;
				PRODUCT_BUNDLE_IDENTIFIER = "lesson1.LessonHW-8";
				PRODUCT_NAME = "$(TARGET_NAME)";
				SWIFT_EMIT_LOC_STRINGS = YES;
				SWIFT_VERSION = 5.0;
				TARGETED_DEVICE_FAMILY = "1,2";
			};
			name = Release;
		};
/* End XCBuildConfiguration section */

/* Begin XCConfigurationList section */
		140A9CE328904796004EBE74 /* Build configuration list for PBXProject "LessonHW_8" */ = {
			isa = XCConfigurationList;
			buildConfigurations = (
				140A9CFA28904798004EBE74 /* Debug */,
				140A9CFB28904798004EBE74 /* Release */,
			);
			defaultConfigurationIsVisible = 0;
			defaultConfigurationName = Release;
		};
		140A9CFC28904798004EBE74 /* Build configuration list for PBXNativeTarget "LessonHW_8" */ = {
			isa = XCConfigurationList;
			buildConfigurations = (
				140A9CFD28904798004EBE74 /* Debug */,
				140A9CFE28904798004EBE74 /* Release */,
			);
			defaultConfigurationIsVisible = 0;
			defaultConfigurationName = Release;
		};
/* End XCConfigurationList section */
	};
	rootObject = 140A9CE028904796004EBE74 /* Project object */;
}
